
Microsoft Visual Studio Solution File, Format Version 12.00
# Visual Studio Version 17
VisualStudioVersion = 17.12.35514.174
MinimumVisualStudioVersion = 10.0.40219.1
Project("{FAE04EC0-301F-11D3-BF4B-00C04F79EFBC}") = "Lightning", "Lightning\Lightning.csproj", "{4616756D-8FB0-4158-9A89-ACF8FB85757D}"
EndProject
Project("{FAE04EC0-301F-11D3-BF4B-00C04F79EFBC}") = "LightningTime", "LightningTime\LightningTime.csproj", "{3DFFB93D-BD7B-492E-9C9D-BFCEF7C02D08}"
EndProject
Project("{8BC9CEB8-8B4A-11D0-8D11-00A0C91BC942}") = "LightningCore", "LightningCore\LightningCore.vcxproj", "{4869281F-BC40-4B45-8C25-78E464364D11}"
EndProject
Project("{FAE04EC0-301F-11D3-BF4B-00C04F79EFBC}") = "LightningMessage", "LightningMessage\LightningMessage.csproj", "{2E917EF3-B378-401B-B2BB-CB0F89594FF2}"
EndProject
Project("{FAE04EC0-301F-11D3-BF4B-00C04F79EFBC}") = "AutodeskDeploymentSetting", "AutodeskDeploymentSetting\AutodeskDeploymentSetting.csproj", "{CAD5240F-D8C3-4C7B-884D-792F0351590B}"
EndProject
Global
	GlobalSection(SolutionConfigurationPlatforms) = preSolution
		Debug|x64 = Debug|x64
		Release|x64 = Release|x64
	EndGlobalSection
	GlobalSection(ProjectConfigurationPlatforms) = postSolution
		{4616756D-8FB0-4158-9A89-ACF8FB85757D}.Debug|x64.ActiveCfg = Debug|x64
		{4616756D-8FB0-4158-9A89-ACF8FB85757D}.Debug|x64.Build.0 = Debug|x64
		{4616756D-8FB0-4158-9A89-ACF8FB85757D}.Release|x64.ActiveCfg = Release|x64
		{4616756D-8FB0-4158-9A89-ACF8FB85757D}.Release|x64.Build.0 = Release|x64
		{3DFFB93D-BD7B-492E-9C9D-BFCEF7C02D08}.Debug|x64.ActiveCfg = Debug|x64
		{3DFFB93D-BD7B-492E-9C9D-BFCEF7C02D08}.Debug|x64.Build.0 = Debug|x64
		{3DFFB93D-BD7B-492E-9C9D-BFCEF7C02D08}.Release|x64.ActiveCfg = Release|x64
		{3DFFB93D-BD7B-492E-9C9D-BFCEF7C02D08}.Release|x64.Build.0 = Release|x64
		{4869281F-BC40-4B45-8C25-78E464364D11}.Debug|x64.ActiveCfg = Debug|x64
		{4869281F-BC40-4B45-8C25-78E464364D11}.Debug|x64.Build.0 = Debug|x64
		{4869281F-BC40-4B45-8C25-78E464364D11}.Release|x64.ActiveCfg = Release|x64
		{4869281F-BC40-4B45-8C25-78E464364D11}.Release|x64.Build.0 = Release|x64
		{2E917EF3-B378-401B-B2BB-CB0F89594FF2}.Debug|x64.ActiveCfg = Debug|x64
		{2E917EF3-B378-401B-B2BB-CB0F89594FF2}.Debug|x64.Build.0 = Debug|x64
		{2E917EF3-B378-401B-B2BB-CB0F89594FF2}.Release|x64.ActiveCfg = Release|x64
		{2E917EF3-B378-401B-B2BB-CB0F89594FF2}.Release|x64.Build.0 = Release|x64
		{CAD5240F-D8C3-4C7B-884D-792F0351590B}.Debug|x64.ActiveCfg = Debug|x64
		{CAD5240F-D8C3-4C7B-884D-792F0351590B}.Debug|x64.Build.0 = Debug|x64
		{CAD5240F-D8C3-4C7B-884D-792F0351590B}.Release|x64.ActiveCfg = Release|x64
		{CAD5240F-D8C3-4C7B-884D-792F0351590B}.Release|x64.Build.0 = Release|x64
	EndGlobalSection
	GlobalSection(SolutionProperties) = preSolution
		HideSolutionNode = FALSE
	EndGlobalSection
	GlobalSection(ExtensibilityGlobals) = postSolution
		SolutionGuid = {060D985F-777B-4A1A-9FC8-D552E3C55B8C}
	EndGlobalSection
EndGlobal
